// !$*UTF8*$!
{
	archiveVersion = 1;
	classes = {
	};
	objectVersion = 56;
	objects = {

/* Begin PBXBuildFile section */
		5D83753D2B6D3FA100736F73 /* ground.cpp in Sources */ = {isa = PBXBuildFile; fileRef = 5D9CD5CE2B6C72910025EB16 /* ground.cpp */; };
		5D83754B2B6D41C400736F73 /* uiDraw.cpp in Sources */ = {isa = PBXBuildFile; fileRef = 5D8375442B6D419100736F73 /* uiDraw.cpp */; };
		5D83754C2B6D41C400736F73 /* position.cpp in Sources */ = {isa = PBXBuildFile; fileRef = 5D8375432B6D419100736F73 /* position.cpp */; };
		5D83754D2B6D41C400736F73 /* simulator.cpp in Sources */ = {isa = PBXBuildFile; fileRef = 5D8375452B6D419100736F73 /* simulator.cpp */; };
		5D83754E2B6D41C400736F73 /* uiInteract.cpp in Sources */ = {isa = PBXBuildFile; fileRef = 5D8375422B6D419100736F73 /* uiInteract.cpp */; };
		5D83754F2B6D41C400736F73 /* velocity.cpp in Sources */ = {isa = PBXBuildFile; fileRef = 5D8375472B6D419200736F73 /* velocity.cpp */; };
		5DBD008B2B6C04FB00148623 /* OpenGL.framework in Frameworks */ = {isa = PBXBuildFile; fileRef = 5DBD00892B6C04FB00148623 /* OpenGL.framework */; };
		5DBD008C2B6C04FB00148623 /* GLUT.framework in Frameworks */ = {isa = PBXBuildFile; fileRef = 5DBD008A2B6C04FB00148623 /* GLUT.framework */; };
		C1199AEF2B16795A002BCF26 /* angle.cpp in Sources */ = {isa = PBXBuildFile; fileRef = C1199AE52B16795A002BCF26 /* angle.cpp */; };
		C1199AF02B16795A002BCF26 /* acceleration.cpp in Sources */ = {isa = PBXBuildFile; fileRef = C1199AEB2B16795A002BCF26 /* acceleration.cpp */; };
		C1199AF12B16795A002BCF26 /* test.cpp in Sources */ = {isa = PBXBuildFile; fileRef = C1199AEC2B16795A002BCF26 /* test.cpp */; };
/* End PBXBuildFile section */

/* Begin PBXCopyFilesBuildPhase section */
		C1199AD92B167873002BCF26 /* CopyFiles */ = {
			isa = PBXCopyFilesBuildPhase;
			buildActionMask = 2147483647;
			dstPath = /usr/share/man/man1/;
			dstSubfolderSpec = 0;
			files = (
			);
			runOnlyForDeploymentPostprocessing = 1;
		};
/* End PBXCopyFilesBuildPhase section */

/* Begin PBXFileReference section */
		5D83753F2B6D419100736F73 /* uiInteract.h */ = {isa = PBXFileReference; lastKnownFileType = sourcecode.c.h; path = uiInteract.h; sourceTree = "<group>"; };
		5D8375402B6D419100736F73 /* velocity.h */ = {isa = PBXFileReference; lastKnownFileType = sourcecode.c.h; path = velocity.h; sourceTree = "<group>"; };
		5D8375412B6D419100736F73 /* testPosition.h */ = {isa = PBXFileReference; lastKnownFileType = sourcecode.c.h; path = testPosition.h; sourceTree = "<group>"; };
		5D8375422B6D419100736F73 /* uiInteract.cpp */ = {isa = PBXFileReference; lastKnownFileType = sourcecode.cpp.cpp; path = uiInteract.cpp; sourceTree = "<group>"; };
		5D8375432B6D419100736F73 /* position.cpp */ = {isa = PBXFileReference; lastKnownFileType = sourcecode.cpp.cpp; path = position.cpp; sourceTree = "<group>"; };
		5D8375442B6D419100736F73 /* uiDraw.cpp */ = {isa = PBXFileReference; lastKnownFileType = sourcecode.cpp.cpp; path = uiDraw.cpp; sourceTree = "<group>"; };
		5D8375452B6D419100736F73 /* simulator.cpp */ = {isa = PBXFileReference; lastKnownFileType = sourcecode.cpp.cpp; path = simulator.cpp; sourceTree = "<group>"; };
		5D8375462B6D419100736F73 /* uiDraw.h */ = {isa = PBXFileReference; lastKnownFileType = sourcecode.c.h; path = uiDraw.h; sourceTree = "<group>"; };
		5D8375472B6D419200736F73 /* velocity.cpp */ = {isa = PBXFileReference; lastKnownFileType = sourcecode.cpp.cpp; path = velocity.cpp; sourceTree = "<group>"; };
		5D8375482B6D419200736F73 /* ground.h */ = {isa = PBXFileReference; lastKnownFileType = sourcecode.c.h; path = ground.h; sourceTree = "<group>"; };
		5D83754A2B6D419200736F73 /* testVelocity.h */ = {isa = PBXFileReference; lastKnownFileType = sourcecode.c.h; path = testVelocity.h; sourceTree = "<group>"; };
		5D8375502B6D431400736F73 /* position.h */ = {isa = PBXFileReference; lastKnownFileType = sourcecode.c.h; path = position.h; sourceTree = "<group>"; };
		5D8375512B6D5F4900736F73 /* lab04.sln */ = {isa = PBXFileReference; lastKnownFileType = text; path = lab04.sln; sourceTree = "<group>"; };
		5D9CD5CE2B6C72910025EB16 /* ground.cpp */ = {isa = PBXFileReference; lastKnownFileType = sourcecode.cpp.cpp; path = ground.cpp; sourceTree = "<group>"; };
		5DBD00892B6C04FB00148623 /* OpenGL.framework */ = {isa = PBXFileReference; lastKnownFileType = wrapper.framework; name = OpenGL.framework; path = System/Library/Frameworks/OpenGL.framework; sourceTree = SDKROOT; };
		5DBD008A2B6C04FB00148623 /* GLUT.framework */ = {isa = PBXFileReference; lastKnownFileType = wrapper.framework; name = GLUT.framework; path = System/Library/Frameworks/GLUT.framework; sourceTree = SDKROOT; };
		C1199ADB2B167873002BCF26 /* Lab03 */ = {isa = PBXFileReference; explicitFileType = "compiled.mach-o.executable"; includeInIndex = 0; path = Lab03; sourceTree = BUILT_PRODUCTS_DIR; };
		C1199AE52B16795A002BCF26 /* angle.cpp */ = {isa = PBXFileReference; fileEncoding = 4; lastKnownFileType = sourcecode.cpp.cpp; path = angle.cpp; sourceTree = "<group>"; };
		C1199AE62B16795A002BCF26 /* test.h */ = {isa = PBXFileReference; fileEncoding = 4; lastKnownFileType = sourcecode.c.h; path = test.h; sourceTree = "<group>"; };
		C1199AE72B16795A002BCF26 /* testAngle.h */ = {isa = PBXFileReference; fileEncoding = 4; lastKnownFileType = sourcecode.c.h; path = testAngle.h; sourceTree = "<group>"; };
		C1199AE82B16795A002BCF26 /* unitTest.h */ = {isa = PBXFileReference; fileEncoding = 4; lastKnownFileType = sourcecode.c.h; path = unitTest.h; sourceTree = "<group>"; };
		C1199AE92B16795A002BCF26 /* angle.h */ = {isa = PBXFileReference; fileEncoding = 4; lastKnownFileType = sourcecode.c.h; path = angle.h; sourceTree = "<group>"; };
		C1199AEA2B16795A002BCF26 /* acceleration.h */ = {isa = PBXFileReference; fileEncoding = 4; lastKnownFileType = sourcecode.c.h; path = acceleration.h; sourceTree = "<group>"; };
		C1199AEB2B16795A002BCF26 /* acceleration.cpp */ = {isa = PBXFileReference; fileEncoding = 4; lastKnownFileType = sourcecode.cpp.cpp; path = acceleration.cpp; sourceTree = "<group>"; };
		C1199AEC2B16795A002BCF26 /* test.cpp */ = {isa = PBXFileReference; fileEncoding = 4; lastKnownFileType = sourcecode.cpp.cpp; path = test.cpp; sourceTree = "<group>"; };
		C1199AEE2B16795A002BCF26 /* testAcceleration.h */ = {isa = PBXFileReference; fileEncoding = 4; lastKnownFileType = sourcecode.c.h; path = testAcceleration.h; sourceTree = "<group>"; };
/* End PBXFileReference section */

/* Begin PBXFrameworksBuildPhase section */
		C1199AD82B167873002BCF26 /* Frameworks */ = {
			isa = PBXFrameworksBuildPhase;
			buildActionMask = 2147483647;
			files = (
				5DBD008B2B6C04FB00148623 /* OpenGL.framework in Frameworks */,
				5DBD008C2B6C04FB00148623 /* GLUT.framework in Frameworks */,
			);
			runOnlyForDeploymentPostprocessing = 0;
		};
/* End PBXFrameworksBuildPhase section */

/* Begin PBXGroup section */
		5DBD00882B6C04FB00148623 /* Frameworks */ = {
			isa = PBXGroup;
			children = (
				5DBD008A2B6C04FB00148623 /* GLUT.framework */,
				5DBD00892B6C04FB00148623 /* OpenGL.framework */,
			);
			name = Frameworks;
			sourceTree = "<group>";
		};
		C1199AD22B167873002BCF26 = {
			isa = PBXGroup;
			children = (
				5D8375502B6D431400736F73 /* position.h */,
				5D8375482B6D419200736F73 /* ground.h */,
				5D83754A2B6D419200736F73 /* testVelocity.h */,
				5D8375442B6D419100736F73 /* uiDraw.cpp */,
				5D8375462B6D419100736F73 /* uiDraw.h */,
				5D8375432B6D419100736F73 /* position.cpp */,
				5D8375512B6D5F4900736F73 /* lab04.sln */,
				5D8375452B6D419100736F73 /* simulator.cpp */,
				5D8375412B6D419100736F73 /* testPosition.h */,
				5D8375422B6D419100736F73 /* uiInteract.cpp */,
				5D83753F2B6D419100736F73 /* uiInteract.h */,
				5D8375472B6D419200736F73 /* velocity.cpp */,
				5D8375402B6D419100736F73 /* velocity.h */,
				5D9CD5CE2B6C72910025EB16 /* ground.cpp */,
				C1199AEB2B16795A002BCF26 /* acceleration.cpp */,
				C1199AEA2B16795A002BCF26 /* acceleration.h */,
				C1199AE52B16795A002BCF26 /* angle.cpp */,
				C1199AE92B16795A002BCF26 /* angle.h */,
				C1199AEC2B16795A002BCF26 /* test.cpp */,
				C1199AE62B16795A002BCF26 /* test.h */,
				C1199AEE2B16795A002BCF26 /* testAcceleration.h */,
				C1199AE72B16795A002BCF26 /* testAngle.h */,
				C1199AE82B16795A002BCF26 /* unitTest.h */,
				C1199ADC2B167873002BCF26 /* Products */,
				5DBD00882B6C04FB00148623 /* Frameworks */,
			);
			sourceTree = "<group>";
		};
		C1199ADC2B167873002BCF26 /* Products */ = {
			isa = PBXGroup;
			children = (
				C1199ADB2B167873002BCF26 /* Lab03 */,
			);
			name = Products;
			sourceTree = "<group>";
		};
/* End PBXGroup section */

/* Begin PBXNativeTarget section */
		C1199ADA2B167873002BCF26 /* Lab03 */ = {
			isa = PBXNativeTarget;
			buildConfigurationList = C1199AE22B167873002BCF26 /* Build configuration list for PBXNativeTarget "Lab03" */;
			buildPhases = (
				C1199AD72B167873002BCF26 /* Sources */,
				C1199AD82B167873002BCF26 /* Frameworks */,
				C1199AD92B167873002BCF26 /* CopyFiles */,
			);
			buildRules = (
			);
			dependencies = (
			);
			name = Lab03;
			productName = Lab03;
			productReference = C1199ADB2B167873002BCF26 /* Lab03 */;
			productType = "com.apple.product-type.tool";
		};
/* End PBXNativeTarget section */

/* Begin PBXProject section */
		C1199AD32B167873002BCF26 /* Project object */ = {
			isa = PBXProject;
			attributes = {
				BuildIndependentTargetsInParallel = 1;
				LastUpgradeCheck = 1520;
				TargetAttributes = {
					C1199ADA2B167873002BCF26 = {
						CreatedOnToolsVersion = 15.0.1;
					};
				};
			};
			buildConfigurationList = C1199AD62B167873002BCF26 /* Build configuration list for PBXProject "Lab03" */;
			compatibilityVersion = "Xcode 14.0";
			developmentRegion = en;
			hasScannedForEncodings = 0;
			knownRegions = (
				en,
				Base,
			);
			mainGroup = C1199AD22B167873002BCF26;
			productRefGroup = C1199ADC2B167873002BCF26 /* Products */;
			projectDirPath = "";
			projectRoot = "";
			targets = (
				C1199ADA2B167873002BCF26 /* Lab03 */,
			);
		};
/* End PBXProject section */

/* Begin PBXSourcesBuildPhase section */
		C1199AD72B167873002BCF26 /* Sources */ = {
			isa = PBXSourcesBuildPhase;
			buildActionMask = 2147483647;
			files = (
				5D83754B2B6D41C400736F73 /* uiDraw.cpp in Sources */,
				5D83754C2B6D41C400736F73 /* position.cpp in Sources */,
				5D83754D2B6D41C400736F73 /* simulator.cpp in Sources */,
				5D83754E2B6D41C400736F73 /* uiInteract.cpp in Sources */,
				5D83754F2B6D41C400736F73 /* velocity.cpp in Sources */,
				5D83753D2B6D3FA100736F73 /* ground.cpp in Sources */,
				C1199AEF2B16795A002BCF26 /* angle.cpp in Sources */,
				C1199AF02B16795A002BCF26 /* acceleration.cpp in Sources */,
				C1199AF12B16795A002BCF26 /* test.cpp in Sources */,
			);
			runOnlyForDeploymentPostprocessing = 0;
		};
/* End PBXSourcesBuildPhase section */

/* Begin XCBuildConfiguration section */
		C1199AE02B167873002BCF26 /* Debug */ = {
			isa = XCBuildConfiguration;
			buildSettings = {
				ALWAYS_SEARCH_USER_PATHS = NO;
				ASSETCATALOG_COMPILER_GENERATE_SWIFT_ASSET_SYMBOL_EXTENSIONS = YES;
				CLANG_ANALYZER_NONNULL = YES;
				CLANG_ANALYZER_NUMBER_OBJECT_CONVERSION = YES_AGGRESSIVE;
				CLANG_CXX_LANGUAGE_STANDARD = "gnu++20";
				CLANG_ENABLE_MODULES = YES;
				CLANG_ENABLE_OBJC_ARC = YES;
				CLANG_ENABLE_OBJC_WEAK = YES;
				CLANG_WARN_BLOCK_CAPTURE_AUTORELEASING = YES;
				CLANG_WARN_BOOL_CONVERSION = YES;
				CLANG_WARN_COMMA = YES;
				CLANG_WARN_CONSTANT_CONVERSION = YES;
				CLANG_WARN_DEPRECATED_OBJC_IMPLEMENTATIONS = YES;
				CLANG_WARN_DIRECT_OBJC_ISA_USAGE = YES_ERROR;
				CLANG_WARN_DOCUMENTATION_COMMENTS = YES;
				CLANG_WARN_EMPTY_BODY = YES;
				CLANG_WARN_ENUM_CONVERSION = YES;
				CLANG_WARN_INFINITE_RECURSION = YES;
				CLANG_WARN_INT_CONVERSION = YES;
				CLANG_WARN_NON_LITERAL_NULL_CONVERSION = YES;
				CLANG_WARN_OBJC_IMPLICIT_RETAIN_SELF = YES;
				CLANG_WARN_OBJC_LITERAL_CONVERSION = YES;
				CLANG_WARN_OBJC_ROOT_CLASS = YES_ERROR;
				CLANG_WARN_QUOTED_INCLUDE_IN_FRAMEWORK_HEADER = YES;
				CLANG_WARN_RANGE_LOOP_ANALYSIS = YES;
				CLANG_WARN_STRICT_PROTOTYPES = YES;
				CLANG_WARN_SUSPICIOUS_MOVE = YES;
				CLANG_WARN_UNGUARDED_AVAILABILITY = YES_AGGRESSIVE;
				CLANG_WARN_UNREACHABLE_CODE = YES;
				CLANG_WARN__DUPLICATE_METHOD_MATCH = YES;
				COPY_PHASE_STRIP = NO;
				DEAD_CODE_STRIPPING = YES;
				DEBUG_INFORMATION_FORMAT = dwarf;
				ENABLE_STRICT_OBJC_MSGSEND = YES;
				ENABLE_TESTABILITY = YES;
				ENABLE_USER_SCRIPT_SANDBOXING = YES;
				GCC_C_LANGUAGE_STANDARD = gnu17;
				GCC_DYNAMIC_NO_PIC = NO;
				GCC_NO_COMMON_BLOCKS = YES;
				GCC_OPTIMIZATION_LEVEL = 0;
				GCC_PREPROCESSOR_DEFINITIONS = (
					"DEBUG=1",
					"$(inherited)",
				);
				GCC_WARN_64_TO_32_BIT_CONVERSION = YES;
				GCC_WARN_ABOUT_RETURN_TYPE = YES_ERROR;
				GCC_WARN_UNDECLARED_SELECTOR = YES;
				GCC_WARN_UNINITIALIZED_AUTOS = YES_AGGRESSIVE;
				GCC_WARN_UNUSED_FUNCTION = YES;
				GCC_WARN_UNUSED_VARIABLE = YES;
				LOCALIZATION_PREFERS_STRING_CATALOGS = YES;
				MACOSX_DEPLOYMENT_TARGET = 14.0;
				MTL_ENABLE_DEBUG_INFO = INCLUDE_SOURCE;
				MTL_FAST_MATH = YES;
				ONLY_ACTIVE_ARCH = YES;
				SDKROOT = macosx;
			};
			name = Debug;
		};
		C1199AE12B167873002BCF26 /* Release */ = {
			isa = XCBuildConfiguration;
			buildSettings = {
				ALWAYS_SEARCH_USER_PATHS = NO;
				ASSETCATALOG_COMPILER_GENERATE_SWIFT_ASSET_SYMBOL_EXTENSIONS = YES;
				CLANG_ANALYZER_NONNULL = YES;
				CLANG_ANALYZER_NUMBER_OBJECT_CONVERSION = YES_AGGRESSIVE;
				CLANG_CXX_LANGUAGE_STANDARD = "gnu++20";
				CLANG_ENABLE_MODULES = YES;
				CLANG_ENABLE_OBJC_ARC = YES;
				CLANG_ENABLE_OBJC_WEAK = YES;
				CLANG_WARN_BLOCK_CAPTURE_AUTORELEASING = YES;
				CLANG_WARN_BOOL_CONVERSION = YES;
				CLANG_WARN_COMMA = YES;
				CLANG_WARN_CONSTANT_CONVERSION = YES;
				CLANG_WARN_DEPRECATED_OBJC_IMPLEMENTATIONS = YES;
				CLANG_WARN_DIRECT_OBJC_ISA_USAGE = YES_ERROR;
				CLANG_WARN_DOCUMENTATION_COMMENTS = YES;
				CLANG_WARN_EMPTY_BODY = YES;
				CLANG_WARN_ENUM_CONVERSION = YES;
				CLANG_WARN_INFINITE_RECURSION = YES;
				CLANG_WARN_INT_CONVERSION = YES;
				CLANG_WARN_NON_LITERAL_NULL_CONVERSION = YES;
				CLANG_WARN_OBJC_IMPLICIT_RETAIN_SELF = YES;
				CLANG_WARN_OBJC_LITERAL_CONVERSION = YES;
				CLANG_WARN_OBJC_ROOT_CLASS = YES_ERROR;
				CLANG_WARN_QUOTED_INCLUDE_IN_FRAMEWORK_HEADER = YES;
				CLANG_WARN_RANGE_LOOP_ANALYSIS = YES;
				CLANG_WARN_STRICT_PROTOTYPES = YES;
				CLANG_WARN_SUSPICIOUS_MOVE = YES;
				CLANG_WARN_UNGUARDED_AVAILABILITY = YES_AGGRESSIVE;
				CLANG_WARN_UNREACHABLE_CODE = YES;
				CLANG_WARN__DUPLICATE_METHOD_MATCH = YES;
				COPY_PHASE_STRIP = NO;
				DEAD_CODE_STRIPPING = YES;
				DEBUG_INFORMATION_FORMAT = "dwarf-with-dsym";
				ENABLE_NS_ASSERTIONS = NO;
				ENABLE_STRICT_OBJC_MSGSEND = YES;
				ENABLE_USER_SCRIPT_SANDBOXING = YES;
				GCC_C_LANGUAGE_STANDARD = gnu17;
				GCC_NO_COMMON_BLOCKS = YES;
				GCC_WARN_64_TO_32_BIT_CONVERSION = YES;
				GCC_WARN_ABOUT_RETURN_TYPE = YES_ERROR;
				GCC_WARN_UNDECLARED_SELECTOR = YES;
				GCC_WARN_UNINITIALIZED_AUTOS = YES_AGGRESSIVE;
				GCC_WARN_UNUSED_FUNCTION = YES;
				GCC_WARN_UNUSED_VARIABLE = YES;
				LOCALIZATION_PREFERS_STRING_CATALOGS = YES;
				MACOSX_DEPLOYMENT_TARGET = 14.0;
				MTL_ENABLE_DEBUG_INFO = NO;
				MTL_FAST_MATH = YES;
				SDKROOT = macosx;
			};
			name = Release;
		};
		C1199AE32B167873002BCF26 /* Debug */ = {
			isa = XCBuildConfiguration;
			buildSettings = {
				CODE_SIGN_STYLE = Automatic;
				DEAD_CODE_STRIPPING = YES;
				"OTHER_CFLAGS[arch=*]" = "-v";
				PRODUCT_NAME = "$(TARGET_NAME)";
				d = "";
			};
			name = Debug;
		};
		C1199AE42B167873002BCF26 /* Release */ = {
			isa = XCBuildConfiguration;
			buildSettings = {
				CODE_SIGN_STYLE = Automatic;
				DEAD_CODE_STRIPPING = YES;
				PRODUCT_NAME = "$(TARGET_NAME)";
				d = "";
			};
			name = Release;
		};
/* End XCBuildConfiguration section */

/* Begin XCConfigurationList section */
		C1199AD62B167873002BCF26 /* Build configuration list for PBXProject "Lab03" */ = {
			isa = XCConfigurationList;
			buildConfigurations = (
				C1199AE02B167873002BCF26 /* Debug */,
				C1199AE12B167873002BCF26 /* Release */,
			);
			defaultConfigurationIsVisible = 0;
			defaultConfigurationName = Release;
		};
		C1199AE22B167873002BCF26 /* Build configuration list for PBXNativeTarget "Lab03" */ = {
			isa = XCConfigurationList;
			buildConfigurations = (
				C1199AE32B167873002BCF26 /* Debug */,
				C1199AE42B167873002BCF26 /* Release */,
			);
			defaultConfigurationIsVisible = 0;
			defaultConfigurationName = Release;
		};
/* End XCConfigurationList section */
	};
	rootObject = C1199AD32B167873002BCF26 /* Project object */;
}
